
Microsoft Visual Studio Solution File, Format Version 12.00
# Visual Studio 15
VisualStudioVersion = 15.0.27004.2005
MinimumVisualStudioVersion = 10.0.40219.1
Project("{FAE04EC0-301F-11D3-BF4B-00C04F79EFBC}") = "WebApplication2", "WebApplication2\WebApplication2.csproj", "{BB803B98-C87B-448E-B89B-6795C64575F5}"
EndProject
Global
	GlobalSection(SolutionConfigurationPlatforms) = preSolution
		Debug|Any CPU = Debug|Any CPU
		Release|Any CPU = Release|Any CPU
	EndGlobalSection
	GlobalSection(ProjectConfigurationPlatforms) = postSolution
		{BB803B98-C87B-448E-B89B-6795C64575F5}.Debug|Any CPU.ActiveCfg = Debug|Any CPU
		{BB803B98-C87B-448E-B89B-6795C64575F5}.Debug|Any CPU.Build.0 = Debug|Any CPU
		{BB803B98-C87B-448E-B89B-6795C64575F5}.Release|Any CPU.ActiveCfg = Release|Any CPU
		{BB803B98-C87B-448E-B89B-6795C64575F5}.Release|Any CPU.Build.0 = Release|Any CPU
	EndGlobalSection
	GlobalSection(SolutionProperties) = preSolution
		HideSolutionNode = FALSE
	EndGlobalSection
	GlobalSection(ExtensibilityGlobals) = postSolution
		SolutionGuid = {D823C7F0-0856-4060-9FC6-A6B16C9CC83F}
	EndGlobalSection
EndGlobal
